# THIS IS AN AUTOGENERATED FILE. DO NOT EDIT THIS FILE DIRECTLY.
# yarn lockfile v1


"@types/mocha@^10.0.10":
  version "10.0.10"
  resolved "https://registry.yarnpkg.com/@types/mocha/-/mocha-10.0.10.tgz#91f62905e8d23cbd66225312f239454a23bebfa0"
  integrity sha512-xPyYSz1cMPnJQhl0CLMH68j3gprKZaTjG3s5Vi+fDgx+uhG9NOXwbVt52eFS8ECyXhyKcjDLCBEqBExKuiZb7Q==

ts-mocha@project-serum/anchor:
  version "0.0.0"
  resolved "https://codeload.github.com/project-serum/anchor/tar.gz/56b21edd1f4c1865e5f943537fb7f89a0ffe5ede"

typescript@^5.9.2:
  version "5.9.2"
  resolved "https://registry.yarnpkg.com/typescript/-/typescript-5.9.2.tgz#d93450cddec5154a2d5cabe3b8102b83316fb2a6"
  integrity sha512-CWBzXQrc/qOkhidw1OzBTQuYRbfyxDXJMVJ1XNwUHGROVmuaeiEm3OslpZ1RV96d7SKKjZKrSJu3+t/xlw3R9A==
